{
    "_readme": [
        "This file locks the dependencies of your project to a known state",
        "Read more about it at https://getcomposer.org/doc/01-basic-usage.md#composer-lock-the-lock-file",
        "This file is @generated automatically"
    ],
    "content-hash": "f499a087d345710ecfcc63b6c5e78134",
    "packages": [
        {
            "name": "benhawker/pipedrive",
            "version": "dev-master",
            "source": {
                "type": "git",
                "url": "https://github.com/TTRGroup/pipedrive-api-php.git",
                "reference": "a5fd15aa5ce2624460c1f57449fb5f775b77538d"
            },
            "dist": {
                "type": "zip",
                "url": "https://api.github.com/repos/TTRGroup/pipedrive-api-php/zipball/a5fd15aa5ce2624460c1f57449fb5f775b77538d",
                "reference": "a5fd15aa5ce2624460c1f57449fb5f775b77538d",
                "shasum": ""
            },
            "require": {
                "php": ">=5.3.0"
            },
            "type": "library",
            "autoload": {
                "psr-0": {
                    "Benhawker\\Pipedrive": "src/"
                }
            },
            "notification-url": "https://packagist.org/downloads/",
            "license": [
                "MIT"
            ],
            "authors": [
                {
                    "name": "TTRide Group Devs",
                    "email": "ben@tickettoridegroup.com",
                    "homepage": "http://tickettoridegroup.com",
                    "role": "Developer"
                }
            ],
            "description": "API client library for the Pipedrive CRM",
            "keywords": [
                "api",
                "crm"
            ],
            "time": "2015-04-21T09:59:44+00:00"
        },
        {
            "name": "phpmailer/phpmailer",
            "version": "dev-master",
            "source": {
                "type": "git",
                "url": "https://github.com/PHPMailer/PHPMailer.git",
                "reference": "d7a4babcfdcdda57a19f8ce1f9a444151bc42028"
            },
            "dist": {
                "type": "zip",
                "url": "https://api.github.com/repos/PHPMailer/PHPMailer/zipball/d7a4babcfdcdda57a19f8ce1f9a444151bc42028",
                "reference": "d7a4babcfdcdda57a19f8ce1f9a444151bc42028",
                "shasum": ""
            },
            "require": {
                "ext-ctype": "*",
                "ext-filter": "*",
                "php": ">=5.5.0"
            },
            "require-dev": {
                "doctrine/annotations": "1.2.*",
                "friendsofphp/php-cs-fixer": "^2.2",
                "phpdocumentor/phpdocumentor": "2.*",
                "phpunit/phpunit": "^4.8 || ^5.7",
                "zendframework/zend-eventmanager": "3.0.*",
                "zendframework/zend-i18n": "2.7.3",
                "zendframework/zend-serializer": "2.7.*"
            },
            "suggest": {
                "ext-mbstring": "Needed to send email in multibyte encoding charset",
                "hayageek/oauth2-yahoo": "Needed for Yahoo XOAUTH2 authentication",
                "league/oauth2-google": "Needed for Google XOAUTH2 authentication",
                "psr/log": "For optional PSR-3 debug logging",
                "stevenmaguire/oauth2-microsoft": "Needed for Microsoft XOAUTH2 authentication",
                "symfony/polyfill-mbstring": "To support UTF-8 if the Mbstring PHP extension is not enabled (^1.2)"
            },
            "type": "library",
            "autoload": {
                "psr-4": {
                    "PHPMailer\\PHPMailer\\": "src/"
                }
            },
            "notification-url": "https://packagist.org/downloads/",
            "license": [
                "LGPL-2.1"
            ],
            "authors": [
                {
                    "name": "Jim Jagielski",
                    "email": "jimjag@gmail.com"
                },
                {
                    "name": "Marcus Bointon",
                    "email": "phpmailer@synchromedia.co.uk"
                },
                {
                    "name": "Andy Prevost",
                    "email": "codeworxtech@users.sourceforge.net"
                },
                {
                    "name": "Brent R. Matzelle"
                }
            ],
            "description": "PHPMailer is a full-featured email creation and transfer class for PHP",
            "time": "2018-03-16T11:26:12+00:00"
        }
    ],
    "packages-dev": [],
    "aliases": [],
    "minimum-stability": "stable",
    "stability-flags": {
        "benhawker/pipedrive": 20,
        "phpmailer/phpmailer": 20
    },
    "prefer-stable": false,
    "prefer-lowest": false,
    "platform": [],
    "platform-dev": []
}
